// !$*UTF8*$!
{
	archiveVersion = 1;
	classes = {
	};
	objectVersion = 50;
	objects = {

/* Begin PBXBuildFile section */
		55BE12F822F7DC0600423EA8 /* JSDFocusSettingVC.m in Sources */ = {isa = PBXBuildFile; fileRef = 55BE12F722F7DC0600423EA8 /* JSDFocusSettingVC.m */; };
		55BE131C22F7E05D00423EA8 /* JSDAboutUSVC.m in Sources */ = {isa = PBXBuildFile; fileRef = 55BE12FB22F7E05D00423EA8 /* JSDAboutUSVC.m */; };
		55BE131D22F7E05D00423EA8 /* JSDAbountViewModel.m in Sources */ = {isa = PBXBuildFile; fileRef = 55BE12FC22F7E05D00423EA8 /* JSDAbountViewModel.m */; };
		55BE131E22F7E05D00423EA8 /* JSDFeedBacksVC.xib in Resources */ = {isa = PBXBuildFile; fileRef = 55BE130122F7E05D00423EA8 /* JSDFeedBacksVC.xib */; };
		55BE131F22F7E05D00423EA8 /* JSDFeedBacksVC.m in Sources */ = {isa = PBXBuildFile; fileRef = 55BE130222F7E05D00423EA8 /* JSDFeedBacksVC.m */; };
		55BE132022F7E05D00423EA8 /* JSDMyCenterViewModel.m in Sources */ = {isa = PBXBuildFile; fileRef = 55BE130422F7E05D00423EA8 /* JSDMyCenterViewModel.m */; };
		55BE132122F7E05D00423EA8 /* JSDMyCenterHeaderView.xib in Resources */ = {isa = PBXBuildFile; fileRef = 55BE130822F7E05D00423EA8 /* JSDMyCenterHeaderView.xib */; };
		55BE132222F7E05D00423EA8 /* JSDCollectionViewCell.xib in Resources */ = {isa = PBXBuildFile; fileRef = 55BE130A22F7E05D00423EA8 /* JSDCollectionViewCell.xib */; };
		55BE132322F7E05D00423EA8 /* JSDMyCenterHeaderView.m in Sources */ = {isa = PBXBuildFile; fileRef = 55BE130B22F7E05D00423EA8 /* JSDMyCenterHeaderView.m */; };
		55BE132422F7E05D00423EA8 /* JSDCollectionViewCell.m in Sources */ = {isa = PBXBuildFile; fileRef = 55BE130C22F7E05D00423EA8 /* JSDCollectionViewCell.m */; };
		55BE132522F7E05D00423EA8 /* JSDSettingViewModel.m in Sources */ = {isa = PBXBuildFile; fileRef = 55BE131022F7E05D00423EA8 /* JSDSettingViewModel.m */; };
		55BE132622F7E05D00423EA8 /* JSDSwitch.m in Sources */ = {isa = PBXBuildFile; fileRef = 55BE131322F7E05D00423EA8 /* JSDSwitch.m */; };
		55BE132722F7E05D00423EA8 /* JSDSettingCell.xib in Resources */ = {isa = PBXBuildFile; fileRef = 55BE131522F7E05D00423EA8 /* JSDSettingCell.xib */; };
		55BE132822F7E05D00423EA8 /* JSDSettingCell.m in Sources */ = {isa = PBXBuildFile; fileRef = 55BE131722F7E05D00423EA8 /* JSDSettingCell.m */; };
		55BE132922F7E05D00423EA8 /* JSDSettingVC.m in Sources */ = {isa = PBXBuildFile; fileRef = 55BE131822F7E05D00423EA8 /* JSDSettingVC.m */; };
		55BE132D22F7E12000423EA8 /* JSDMyCenterVC.m in Sources */ = {isa = PBXBuildFile; fileRef = 55BE132C22F7E12000423EA8 /* JSDMyCenterVC.m */; };
		55BE133122F7E34400423EA8 /* JSDMyResource.xib in Resources */ = {isa = PBXBuildFile; fileRef = 55BE132F22F7E34300423EA8 /* JSDMyResource.xib */; };
		55BE133222F7E34400423EA8 /* JSDMyResource.m in Sources */ = {isa = PBXBuildFile; fileRef = 55BE133022F7E34300423EA8 /* JSDMyResource.m */; };
		55BE133522F7E85C00423EA8 /* JSDUseRecordView.m in Sources */ = {isa = PBXBuildFile; fileRef = 55BE133422F7E85C00423EA8 /* JSDUseRecordView.m */; };
		55BE133722F7E86500423EA8 /* JSDUseRecordView.xib in Resources */ = {isa = PBXBuildFile; fileRef = 55BE133622F7E86500423EA8 /* JSDUseRecordView.xib */; };
		6045C3C922F6DF03008B38BE /* JSDHomeVC.m in Sources */ = {isa = PBXBuildFile; fileRef = 6045C3C822F6DF03008B38BE /* JSDHomeVC.m */; };
		6045C3CC22F6E15B008B38BE /* JSDHomeNaviBar.m in Sources */ = {isa = PBXBuildFile; fileRef = 6045C3CB22F6E15B008B38BE /* JSDHomeNaviBar.m */; };
		6045C3CE22F6E164008B38BE /* JSDHomeNaviBar.xib in Resources */ = {isa = PBXBuildFile; fileRef = 6045C3CD22F6E164008B38BE /* JSDHomeNaviBar.xib */; };
		6045C3D122F6E3C3008B38BE /* JSDHomeView.m in Sources */ = {isa = PBXBuildFile; fileRef = 6045C3D022F6E3C3008B38BE /* JSDHomeView.m */; };
		6045C3D322F6E3CB008B38BE /* JSDHomeView.xib in Resources */ = {isa = PBXBuildFile; fileRef = 6045C3D222F6E3CB008B38BE /* JSDHomeView.xib */; };
		6045C3D622F6EA61008B38BE /* JSDShowStatusView.m in Sources */ = {isa = PBXBuildFile; fileRef = 6045C3D522F6EA61008B38BE /* JSDShowStatusView.m */; };
		60E1A8CE22F6D5A500BFFF1B /* JSDBaseModel.m in Sources */ = {isa = PBXBuildFile; fileRef = 60E1A8A122F6D5A500BFFF1B /* JSDBaseModel.m */; };
		60E1A8CF22F6D5A500BFFF1B /* JSDBaseView.m in Sources */ = {isa = PBXBuildFile; fileRef = 60E1A8A422F6D5A500BFFF1B /* JSDBaseView.m */; };
		60E1A8D022F6D5A500BFFF1B /* JSDBaseViewController.m in Sources */ = {isa = PBXBuildFile; fileRef = 60E1A8A722F6D5A500BFFF1B /* JSDBaseViewController.m */; };
		60E1A8D122F6D5A500BFFF1B /* JSDBaseCollectionViewController.m in Sources */ = {isa = PBXBuildFile; fileRef = 60E1A8A922F6D5A500BFFF1B /* JSDBaseCollectionViewController.m */; };
		60E1A8D222F6D5A500BFFF1B /* JSDBaseNavigationController.m in Sources */ = {isa = PBXBuildFile; fileRef = 60E1A8AC22F6D5A500BFFF1B /* JSDBaseNavigationController.m */; };
		60E1A8D322F6D5A500BFFF1B /* AppDelegate.m in Sources */ = {isa = PBXBuildFile; fileRef = 60E1A8AF22F6D5A500BFFF1B /* AppDelegate.m */; };
		60E1A8D422F6D5A500BFFF1B /* UIImage+JSDTool.m in Sources */ = {isa = PBXBuildFile; fileRef = 60E1A8B322F6D5A500BFFF1B /* UIImage+JSDTool.m */; };
		60E1A8D522F6D5A500BFFF1B /* UIButton+JSDTool.m in Sources */ = {isa = PBXBuildFile; fileRef = 60E1A8B522F6D5A500BFFF1B /* UIButton+JSDTool.m */; };
		60E1A8D622F6D5A500BFFF1B /* UIView+JSDFrame.m in Sources */ = {isa = PBXBuildFile; fileRef = 60E1A8B822F6D5A500BFFF1B /* UIView+JSDFrame.m */; };
		60E1A8D722F6D5A500BFFF1B /* UIColor+JSDTool.m in Sources */ = {isa = PBXBuildFile; fileRef = 60E1A8BC22F6D5A500BFFF1B /* UIColor+JSDTool.m */; };
		60E1A8D822F6D5A500BFFF1B /* UIFont+JSDTool.m in Sources */ = {isa = PBXBuildFile; fileRef = 60E1A8BD22F6D5A500BFFF1B /* UIFont+JSDTool.m */; };
		60E1A8D922F6D5A500BFFF1B /* JSDPhotoManage.m in Sources */ = {isa = PBXBuildFile; fileRef = 60E1A8C122F6D5A500BFFF1B /* JSDPhotoManage.m */; };
		60E1A8DA22F6D5A500BFFF1B /* Assets.xcassets in Resources */ = {isa = PBXBuildFile; fileRef = 60E1A8C922F6D5A500BFFF1B /* Assets.xcassets */; };
		60E1A8DB22F6D5A500BFFF1B /* LaunchScreen.storyboard in Resources */ = {isa = PBXBuildFile; fileRef = 60E1A8CA22F6D5A500BFFF1B /* LaunchScreen.storyboard */; };
		60E1A8DC22F6D5A500BFFF1B /* main.m in Sources */ = {isa = PBXBuildFile; fileRef = 60E1A8CC22F6D5A500BFFF1B /* main.m */; };
		B480405E5F9CC84AF61DAAFF /* libPods-TomatoRemind.a in Frameworks */ = {isa = PBXBuildFile; fileRef = CAE85C21C30267C948E727AF /* libPods-TomatoRemind.a */; };
/* End PBXBuildFile section */

/* Begin PBXFileReference section */
		55BE12F622F7DC0600423EA8 /* JSDFocusSettingVC.h */ = {isa = PBXFileReference; lastKnownFileType = sourcecode.c.h; path = JSDFocusSettingVC.h; sourceTree = "<group>"; };
		55BE12F722F7DC0600423EA8 /* JSDFocusSettingVC.m */ = {isa = PBXFileReference; lastKnownFileType = sourcecode.c.objc; path = JSDFocusSettingVC.m; sourceTree = "<group>"; };
		55BE12FB22F7E05D00423EA8 /* JSDAboutUSVC.m */ = {isa = PBXFileReference; fileEncoding = 4; lastKnownFileType = sourcecode.c.objc; path = JSDAboutUSVC.m; sourceTree = "<group>"; };
		55BE12FC22F7E05D00423EA8 /* JSDAbountViewModel.m */ = {isa = PBXFileReference; fileEncoding = 4; lastKnownFileType = sourcecode.c.objc; path = JSDAbountViewModel.m; sourceTree = "<group>"; };
		55BE12FD22F7E05D00423EA8 /* JSDAboutUSVC.h */ = {isa = PBXFileReference; fileEncoding = 4; lastKnownFileType = sourcecode.c.h; path = JSDAboutUSVC.h; sourceTree = "<group>"; };
		55BE12FE22F7E05D00423EA8 /* JSDAbountViewModel.h */ = {isa = PBXFileReference; fileEncoding = 4; lastKnownFileType = sourcecode.c.h; path = JSDAbountViewModel.h; sourceTree = "<group>"; };
		55BE130022F7E05D00423EA8 /* JSDFeedBacksVC.h */ = {isa = PBXFileReference; fileEncoding = 4; lastKnownFileType = sourcecode.c.h; path = JSDFeedBacksVC.h; sourceTree = "<group>"; };
		55BE130122F7E05D00423EA8 /* JSDFeedBacksVC.xib */ = {isa = PBXFileReference; fileEncoding = 4; lastKnownFileType = file.xib; path = JSDFeedBacksVC.xib; sourceTree = "<group>"; };
		55BE130222F7E05D00423EA8 /* JSDFeedBacksVC.m */ = {isa = PBXFileReference; fileEncoding = 4; lastKnownFileType = sourcecode.c.objc; path = JSDFeedBacksVC.m; sourceTree = "<group>"; };
		55BE130422F7E05D00423EA8 /* JSDMyCenterViewModel.m */ = {isa = PBXFileReference; fileEncoding = 4; lastKnownFileType = sourcecode.c.objc; path = JSDMyCenterViewModel.m; sourceTree = "<group>"; };
		55BE130522F7E05D00423EA8 /* JSDMyCenterViewModel.h */ = {isa = PBXFileReference; fileEncoding = 4; lastKnownFileType = sourcecode.c.h; path = JSDMyCenterViewModel.h; sourceTree = "<group>"; };
		55BE130722F7E05D00423EA8 /* JSDMyCenterHeaderView.h */ = {isa = PBXFileReference; fileEncoding = 4; lastKnownFileType = sourcecode.c.h; path = JSDMyCenterHeaderView.h; sourceTree = "<group>"; };
		55BE130822F7E05D00423EA8 /* JSDMyCenterHeaderView.xib */ = {isa = PBXFileReference; fileEncoding = 4; lastKnownFileType = file.xib; path = JSDMyCenterHeaderView.xib; sourceTree = "<group>"; };
		55BE130922F7E05D00423EA8 /* JSDCollectionViewCell.h */ = {isa = PBXFileReference; fileEncoding = 4; lastKnownFileType = sourcecode.c.h; path = JSDCollectionViewCell.h; sourceTree = "<group>"; };
		55BE130A22F7E05D00423EA8 /* JSDCollectionViewCell.xib */ = {isa = PBXFileReference; fileEncoding = 4; lastKnownFileType = file.xib; path = JSDCollectionViewCell.xib; sourceTree = "<group>"; };
		55BE130B22F7E05D00423EA8 /* JSDMyCenterHeaderView.m */ = {isa = PBXFileReference; fileEncoding = 4; lastKnownFileType = sourcecode.c.objc; path = JSDMyCenterHeaderView.m; sourceTree = "<group>"; };
		55BE130C22F7E05D00423EA8 /* JSDCollectionViewCell.m */ = {isa = PBXFileReference; fileEncoding = 4; lastKnownFileType = sourcecode.c.objc; path = JSDCollectionViewCell.m; sourceTree = "<group>"; };
		55BE130E22F7E05D00423EA8 /* JSDSettingVC.h */ = {isa = PBXFileReference; fileEncoding = 4; lastKnownFileType = sourcecode.c.h; path = JSDSettingVC.h; sourceTree = "<group>"; };
		55BE131022F7E05D00423EA8 /* JSDSettingViewModel.m */ = {isa = PBXFileReference; fileEncoding = 4; lastKnownFileType = sourcecode.c.objc; path = JSDSettingViewModel.m; sourceTree = "<group>"; };
		55BE131122F7E05D00423EA8 /* JSDSettingViewModel.h */ = {isa = PBXFileReference; fileEncoding = 4; lastKnownFileType = sourcecode.c.h; path = JSDSettingViewModel.h; sourceTree = "<group>"; };
		55BE131322F7E05D00423EA8 /* JSDSwitch.m */ = {isa = PBXFileReference; fileEncoding = 4; lastKnownFileType = sourcecode.c.objc; path = JSDSwitch.m; sourceTree = "<group>"; };
		55BE131422F7E05D00423EA8 /* JSDSettingCell.h */ = {isa = PBXFileReference; fileEncoding = 4; lastKnownFileType = sourcecode.c.h; path = JSDSettingCell.h; sourceTree = "<group>"; };
		55BE131522F7E05D00423EA8 /* JSDSettingCell.xib */ = {isa = PBXFileReference; fileEncoding = 4; lastKnownFileType = file.xib; path = JSDSettingCell.xib; sourceTree = "<group>"; };
		55BE131622F7E05D00423EA8 /* JSDSwitch.h */ = {isa = PBXFileReference; fileEncoding = 4; lastKnownFileType = sourcecode.c.h; path = JSDSwitch.h; sourceTree = "<group>"; };
		55BE131722F7E05D00423EA8 /* JSDSettingCell.m */ = {isa = PBXFileReference; fileEncoding = 4; lastKnownFileType = sourcecode.c.objc; path = JSDSettingCell.m; sourceTree = "<group>"; };
		55BE131822F7E05D00423EA8 /* JSDSettingVC.m */ = {isa = PBXFileReference; fileEncoding = 4; lastKnownFileType = sourcecode.c.objc; path = JSDSettingVC.m; sourceTree = "<group>"; };
		55BE132B22F7E12000423EA8 /* JSDMyCenterVC.h */ = {isa = PBXFileReference; lastKnownFileType = sourcecode.c.h; path = JSDMyCenterVC.h; sourceTree = "<group>"; };
		55BE132C22F7E12000423EA8 /* JSDMyCenterVC.m */ = {isa = PBXFileReference; lastKnownFileType = sourcecode.c.objc; path = JSDMyCenterVC.m; sourceTree = "<group>"; };
		55BE132E22F7E34300423EA8 /* JSDMyResource.h */ = {isa = PBXFileReference; fileEncoding = 4; lastKnownFileType = sourcecode.c.h; path = JSDMyResource.h; sourceTree = "<group>"; };
		55BE132F22F7E34300423EA8 /* JSDMyResource.xib */ = {isa = PBXFileReference; fileEncoding = 4; lastKnownFileType = file.xib; path = JSDMyResource.xib; sourceTree = "<group>"; };
		55BE133022F7E34300423EA8 /* JSDMyResource.m */ = {isa = PBXFileReference; fileEncoding = 4; lastKnownFileType = sourcecode.c.objc; path = JSDMyResource.m; sourceTree = "<group>"; };
		55BE133322F7E85C00423EA8 /* JSDUseRecordView.h */ = {isa = PBXFileReference; lastKnownFileType = sourcecode.c.h; path = JSDUseRecordView.h; sourceTree = "<group>"; };
		55BE133422F7E85C00423EA8 /* JSDUseRecordView.m */ = {isa = PBXFileReference; lastKnownFileType = sourcecode.c.objc; path = JSDUseRecordView.m; sourceTree = "<group>"; };
		55BE133622F7E86500423EA8 /* JSDUseRecordView.xib */ = {isa = PBXFileReference; lastKnownFileType = file.xib; path = JSDUseRecordView.xib; sourceTree = "<group>"; };
		5F5D7C8F17B227623BE08DB4 /* Pods-TomatoRemind.release.xcconfig */ = {isa = PBXFileReference; includeInIndex = 1; lastKnownFileType = text.xcconfig; name = "Pods-TomatoRemind.release.xcconfig"; path = "Target Support Files/Pods-TomatoRemind/Pods-TomatoRemind.release.xcconfig"; sourceTree = "<group>"; };
		6045C3C722F6DF03008B38BE /* JSDHomeVC.h */ = {isa = PBXFileReference; lastKnownFileType = sourcecode.c.h; path = JSDHomeVC.h; sourceTree = "<group>"; };
		6045C3C822F6DF03008B38BE /* JSDHomeVC.m */ = {isa = PBXFileReference; lastKnownFileType = sourcecode.c.objc; path = JSDHomeVC.m; sourceTree = "<group>"; };
		6045C3CA22F6E15B008B38BE /* JSDHomeNaviBar.h */ = {isa = PBXFileReference; lastKnownFileType = sourcecode.c.h; path = JSDHomeNaviBar.h; sourceTree = "<group>"; };
		6045C3CB22F6E15B008B38BE /* JSDHomeNaviBar.m */ = {isa = PBXFileReference; lastKnownFileType = sourcecode.c.objc; path = JSDHomeNaviBar.m; sourceTree = "<group>"; };
		6045C3CD22F6E164008B38BE /* JSDHomeNaviBar.xib */ = {isa = PBXFileReference; lastKnownFileType = file.xib; path = JSDHomeNaviBar.xib; sourceTree = "<group>"; };
		6045C3CF22F6E3C3008B38BE /* JSDHomeView.h */ = {isa = PBXFileReference; lastKnownFileType = sourcecode.c.h; path = JSDHomeView.h; sourceTree = "<group>"; };
		6045C3D022F6E3C3008B38BE /* JSDHomeView.m */ = {isa = PBXFileReference; lastKnownFileType = sourcecode.c.objc; path = JSDHomeView.m; sourceTree = "<group>"; };
		6045C3D222F6E3CB008B38BE /* JSDHomeView.xib */ = {isa = PBXFileReference; lastKnownFileType = file.xib; path = JSDHomeView.xib; sourceTree = "<group>"; };
		6045C3D422F6EA61008B38BE /* JSDShowStatusView.h */ = {isa = PBXFileReference; lastKnownFileType = sourcecode.c.h; path = JSDShowStatusView.h; sourceTree = "<group>"; };
		6045C3D522F6EA61008B38BE /* JSDShowStatusView.m */ = {isa = PBXFileReference; lastKnownFileType = sourcecode.c.objc; path = JSDShowStatusView.m; sourceTree = "<group>"; };
		60E1A84122F6D20F00BFFF1B /* TomatoRemind.app */ = {isa = PBXFileReference; explicitFileType = wrapper.application; includeInIndex = 0; path = TomatoRemind.app; sourceTree = BUILT_PRODUCTS_DIR; };
		60E1A8A122F6D5A500BFFF1B /* JSDBaseModel.m */ = {isa = PBXFileReference; fileEncoding = 4; lastKnownFileType = sourcecode.c.objc; path = JSDBaseModel.m; sourceTree = "<group>"; };
		60E1A8A222F6D5A500BFFF1B /* JSDBaseModel.h */ = {isa = PBXFileReference; fileEncoding = 4; lastKnownFileType = sourcecode.c.h; path = JSDBaseModel.h; sourceTree = "<group>"; };
		60E1A8A422F6D5A500BFFF1B /* JSDBaseView.m */ = {isa = PBXFileReference; fileEncoding = 4; lastKnownFileType = sourcecode.c.objc; path = JSDBaseView.m; sourceTree = "<group>"; };
		60E1A8A522F6D5A500BFFF1B /* JSDBaseView.h */ = {isa = PBXFileReference; fileEncoding = 4; lastKnownFileType = sourcecode.c.h; path = JSDBaseView.h; sourceTree = "<group>"; };
		60E1A8A722F6D5A500BFFF1B /* JSDBaseViewController.m */ = {isa = PBXFileReference; fileEncoding = 4; lastKnownFileType = sourcecode.c.objc; path = JSDBaseViewController.m; sourceTree = "<group>"; };
		60E1A8A822F6D5A500BFFF1B /* JSDBaseNavigationController.h */ = {isa = PBXFileReference; fileEncoding = 4; lastKnownFileType = sourcecode.c.h; path = JSDBaseNavigationController.h; sourceTree = "<group>"; };
		60E1A8A922F6D5A500BFFF1B /* JSDBaseCollectionViewController.m */ = {isa = PBXFileReference; fileEncoding = 4; lastKnownFileType = sourcecode.c.objc; path = JSDBaseCollectionViewController.m; sourceTree = "<group>"; };
		60E1A8AA22F6D5A500BFFF1B /* JSDBaseViewController.h */ = {isa = PBXFileReference; fileEncoding = 4; lastKnownFileType = sourcecode.c.h; path = JSDBaseViewController.h; sourceTree = "<group>"; };
		60E1A8AB22F6D5A500BFFF1B /* JSDBaseCollectionViewController.h */ = {isa = PBXFileReference; fileEncoding = 4; lastKnownFileType = sourcecode.c.h; path = JSDBaseCollectionViewController.h; sourceTree = "<group>"; };
		60E1A8AC22F6D5A500BFFF1B /* JSDBaseNavigationController.m */ = {isa = PBXFileReference; fileEncoding = 4; lastKnownFileType = sourcecode.c.objc; path = JSDBaseNavigationController.m; sourceTree = "<group>"; };
		60E1A8AE22F6D5A500BFFF1B /* AppDelegate.h */ = {isa = PBXFileReference; fileEncoding = 4; lastKnownFileType = sourcecode.c.h; path = AppDelegate.h; sourceTree = "<group>"; };
		60E1A8AF22F6D5A500BFFF1B /* AppDelegate.m */ = {isa = PBXFileReference; fileEncoding = 4; lastKnownFileType = sourcecode.c.objc; path = AppDelegate.m; sourceTree = "<group>"; };
		60E1A8B222F6D5A500BFFF1B /* UIImage+JSDTool.h */ = {isa = PBXFileReference; fileEncoding = 4; lastKnownFileType = sourcecode.c.h; path = "UIImage+JSDTool.h"; sourceTree = "<group>"; };
		60E1A8B322F6D5A500BFFF1B /* UIImage+JSDTool.m */ = {isa = PBXFileReference; fileEncoding = 4; lastKnownFileType = sourcecode.c.objc; path = "UIImage+JSDTool.m"; sourceTree = "<group>"; };
		60E1A8B522F6D5A500BFFF1B /* UIButton+JSDTool.m */ = {isa = PBXFileReference; fileEncoding = 4; lastKnownFileType = sourcecode.c.objc; path = "UIButton+JSDTool.m"; sourceTree = "<group>"; };
		60E1A8B622F6D5A500BFFF1B /* UIButton+JSDTool.h */ = {isa = PBXFileReference; fileEncoding = 4; lastKnownFileType = sourcecode.c.h; path = "UIButton+JSDTool.h"; sourceTree = "<group>"; };
		60E1A8B822F6D5A500BFFF1B /* UIView+JSDFrame.m */ = {isa = PBXFileReference; fileEncoding = 4; lastKnownFileType = sourcecode.c.objc; path = "UIView+JSDFrame.m"; sourceTree = "<group>"; };
		60E1A8B922F6D5A500BFFF1B /* UIView+JSDFrame.h */ = {isa = PBXFileReference; fileEncoding = 4; lastKnownFileType = sourcecode.c.h; path = "UIView+JSDFrame.h"; sourceTree = "<group>"; };
		60E1A8BB22F6D5A500BFFF1B /* UIFont+JSDTool.h */ = {isa = PBXFileReference; fileEncoding = 4; lastKnownFileType = sourcecode.c.h; path = "UIFont+JSDTool.h"; sourceTree = "<group>"; };
		60E1A8BC22F6D5A500BFFF1B /* UIColor+JSDTool.m */ = {isa = PBXFileReference; fileEncoding = 4; lastKnownFileType = sourcecode.c.objc; path = "UIColor+JSDTool.m"; sourceTree = "<group>"; };
		60E1A8BD22F6D5A500BFFF1B /* UIFont+JSDTool.m */ = {isa = PBXFileReference; fileEncoding = 4; lastKnownFileType = sourcecode.c.objc; path = "UIFont+JSDTool.m"; sourceTree = "<group>"; };
		60E1A8BE22F6D5A500BFFF1B /* UIColor+JSDTool.h */ = {isa = PBXFileReference; fileEncoding = 4; lastKnownFileType = sourcecode.c.h; path = "UIColor+JSDTool.h"; sourceTree = "<group>"; };
		60E1A8C122F6D5A500BFFF1B /* JSDPhotoManage.m */ = {isa = PBXFileReference; fileEncoding = 4; lastKnownFileType = sourcecode.c.objc; path = JSDPhotoManage.m; sourceTree = "<group>"; };
		60E1A8C222F6D5A500BFFF1B /* JSDPhotoManage.h */ = {isa = PBXFileReference; fileEncoding = 4; lastKnownFileType = sourcecode.c.h; path = JSDPhotoManage.h; sourceTree = "<group>"; };
		60E1A8C422F6D5A500BFFF1B /* JSDDevMacro.h */ = {isa = PBXFileReference; fileEncoding = 4; lastKnownFileType = sourcecode.c.h; path = JSDDevMacro.h; sourceTree = "<group>"; };
		60E1A8C522F6D5A500BFFF1B /* JSDPublic.h */ = {isa = PBXFileReference; fileEncoding = 4; lastKnownFileType = sourcecode.c.h; path = JSDPublic.h; sourceTree = "<group>"; };
		60E1A8C622F6D5A500BFFF1B /* JSDPrefixHeader.pch */ = {isa = PBXFileReference; fileEncoding = 4; lastKnownFileType = sourcecode.c.h; path = JSDPrefixHeader.pch; sourceTree = "<group>"; };
		60E1A8C722F6D5A500BFFF1B /* JSDMacro.h */ = {isa = PBXFileReference; fileEncoding = 4; lastKnownFileType = sourcecode.c.h; path = JSDMacro.h; sourceTree = "<group>"; };
		60E1A8C922F6D5A500BFFF1B /* Assets.xcassets */ = {isa = PBXFileReference; lastKnownFileType = folder.assetcatalog; path = Assets.xcassets; sourceTree = "<group>"; };
		60E1A8CB22F6D5A500BFFF1B /* Base */ = {isa = PBXFileReference; lastKnownFileType = file.storyboard; name = Base; path = Base.lproj/LaunchScreen.storyboard; sourceTree = "<group>"; };
		60E1A8CC22F6D5A500BFFF1B /* main.m */ = {isa = PBXFileReference; fileEncoding = 4; lastKnownFileType = sourcecode.c.objc; path = main.m; sourceTree = "<group>"; };
		60E1A8CD22F6D5A500BFFF1B /* Info.plist */ = {isa = PBXFileReference; fileEncoding = 4; lastKnownFileType = text.plist.xml; path = Info.plist; sourceTree = "<group>"; };
		61422FBD630C7AA4590EE00F /* Pods-TomatoRemind.debug.xcconfig */ = {isa = PBXFileReference; includeInIndex = 1; lastKnownFileType = text.xcconfig; name = "Pods-TomatoRemind.debug.xcconfig"; path = "Target Support Files/Pods-TomatoRemind/Pods-TomatoRemind.debug.xcconfig"; sourceTree = "<group>"; };
		CAE85C21C30267C948E727AF /* libPods-TomatoRemind.a */ = {isa = PBXFileReference; explicitFileType = archive.ar; includeInIndex = 0; path = "libPods-TomatoRemind.a"; sourceTree = BUILT_PRODUCTS_DIR; };
/* End PBXFileReference section */

/* Begin PBXFrameworksBuildPhase section */
		60E1A83E22F6D20F00BFFF1B /* Frameworks */ = {
			isa = PBXFrameworksBuildPhase;
			buildActionMask = 2147483647;
			files = (
				B480405E5F9CC84AF61DAAFF /* libPods-TomatoRemind.a in Frameworks */,
			);
			runOnlyForDeploymentPostprocessing = 0;
		};
/* End PBXFrameworksBuildPhase section */

/* Begin PBXGroup section */
		07ED882896DFEECF03E4DD1C /* Frameworks */ = {
			isa = PBXGroup;
			children = (
				CAE85C21C30267C948E727AF /* libPods-TomatoRemind.a */,
			);
			name = Frameworks;
			sourceTree = "<group>";
		};
		42C5DF26BC3C5E9E906015F5 /* Pods */ = {
			isa = PBXGroup;
			children = (
				61422FBD630C7AA4590EE00F /* Pods-TomatoRemind.debug.xcconfig */,
				5F5D7C8F17B227623BE08DB4 /* Pods-TomatoRemind.release.xcconfig */,
			);
			path = Pods;
			sourceTree = "<group>";
		};
		55BE12EF22F7DB3900423EA8 /* FocusSetting */ = {
			isa = PBXGroup;
			children = (
				55BE12F222F7DB4F00423EA8 /* Controller */,
				55BE12F122F7DB4700423EA8 /* Model */,
				55BE12F022F7DB4100423EA8 /* View */,
			);
			path = FocusSetting;
			sourceTree = "<group>";
		};
		55BE12F022F7DB4100423EA8 /* View */ = {
			isa = PBXGroup;
			children = (
			);
			path = View;
			sourceTree = "<group>";
		};
		55BE12F122F7DB4700423EA8 /* Model */ = {
			isa = PBXGroup;
			children = (
			);
			path = Model;
			sourceTree = "<group>";
		};
		55BE12F222F7DB4F00423EA8 /* Controller */ = {
			isa = PBXGroup;
			children = (
				55BE12F622F7DC0600423EA8 /* JSDFocusSettingVC.h */,
				55BE12F722F7DC0600423EA8 /* JSDFocusSettingVC.m */,
			);
			path = Controller;
			sourceTree = "<group>";
		};
		55BE12F922F7E05D00423EA8 /* My */ = {
			isa = PBXGroup;
			children = (
				55BE12FA22F7E05D00423EA8 /* About */,
				55BE12FF22F7E05D00423EA8 /* Feedback */,
				55BE130322F7E05D00423EA8 /* Model */,
				55BE130622F7E05D00423EA8 /* View */,
				55BE130D22F7E05D00423EA8 /* Setting */,
				55BE131922F7E05D00423EA8 /* ViewController */,
			);
			path = My;
			sourceTree = "<group>";
		};
		55BE12FA22F7E05D00423EA8 /* About */ = {
			isa = PBXGroup;
			children = (
				55BE12FE22F7E05D00423EA8 /* JSDAbountViewModel.h */,
				55BE12FC22F7E05D00423EA8 /* JSDAbountViewModel.m */,
				55BE12FD22F7E05D00423EA8 /* JSDAboutUSVC.h */,
				55BE12FB22F7E05D00423EA8 /* JSDAboutUSVC.m */,
			);
			path = About;
			sourceTree = "<group>";
		};
		55BE12FF22F7E05D00423EA8 /* Feedback */ = {
			isa = PBXGroup;
			children = (
				55BE130022F7E05D00423EA8 /* JSDFeedBacksVC.h */,
				55BE130222F7E05D00423EA8 /* JSDFeedBacksVC.m */,
				55BE130122F7E05D00423EA8 /* JSDFeedBacksVC.xib */,
			);
			path = Feedback;
			sourceTree = "<group>";
		};
		55BE130322F7E05D00423EA8 /* Model */ = {
			isa = PBXGroup;
			children = (
				55BE130522F7E05D00423EA8 /* JSDMyCenterViewModel.h */,
				55BE130422F7E05D00423EA8 /* JSDMyCenterViewModel.m */,
			);
			path = Model;
			sourceTree = "<group>";
		};
		55BE130622F7E05D00423EA8 /* View */ = {
			isa = PBXGroup;
			children = (
				55BE130922F7E05D00423EA8 /* JSDCollectionViewCell.h */,
				55BE130C22F7E05D00423EA8 /* JSDCollectionViewCell.m */,
				55BE130A22F7E05D00423EA8 /* JSDCollectionViewCell.xib */,
				55BE130722F7E05D00423EA8 /* JSDMyCenterHeaderView.h */,
				55BE130B22F7E05D00423EA8 /* JSDMyCenterHeaderView.m */,
				55BE130822F7E05D00423EA8 /* JSDMyCenterHeaderView.xib */,
				55BE133322F7E85C00423EA8 /* JSDUseRecordView.h */,
				55BE133422F7E85C00423EA8 /* JSDUseRecordView.m */,
				55BE133622F7E86500423EA8 /* JSDUseRecordView.xib */,
			);
			path = View;
			sourceTree = "<group>";
		};
		55BE130D22F7E05D00423EA8 /* Setting */ = {
			isa = PBXGroup;
			children = (
				55BE130E22F7E05D00423EA8 /* JSDSettingVC.h */,
				55BE131822F7E05D00423EA8 /* JSDSettingVC.m */,
				55BE130F22F7E05D00423EA8 /* Model */,
				55BE131222F7E05D00423EA8 /* View */,
			);
			path = Setting;
			sourceTree = "<group>";
		};
		55BE130F22F7E05D00423EA8 /* Model */ = {
			isa = PBXGroup;
			children = (
				55BE131022F7E05D00423EA8 /* JSDSettingViewModel.m */,
				55BE131122F7E05D00423EA8 /* JSDSettingViewModel.h */,
			);
			path = Model;
			sourceTree = "<group>";
		};
		55BE131222F7E05D00423EA8 /* View */ = {
			isa = PBXGroup;
			children = (
				55BE131422F7E05D00423EA8 /* JSDSettingCell.h */,
				55BE131722F7E05D00423EA8 /* JSDSettingCell.m */,
				55BE131522F7E05D00423EA8 /* JSDSettingCell.xib */,
				55BE131622F7E05D00423EA8 /* JSDSwitch.h */,
				55BE131322F7E05D00423EA8 /* JSDSwitch.m */,
			);
			path = View;
			sourceTree = "<group>";
		};
		55BE131922F7E05D00423EA8 /* ViewController */ = {
			isa = PBXGroup;
			children = (
				55BE132B22F7E12000423EA8 /* JSDMyCenterVC.h */,
				55BE132C22F7E12000423EA8 /* JSDMyCenterVC.m */,
				55BE132E22F7E34300423EA8 /* JSDMyResource.h */,
				55BE133022F7E34300423EA8 /* JSDMyResource.m */,
				55BE132F22F7E34300423EA8 /* JSDMyResource.xib */,
			);
			path = ViewController;
			sourceTree = "<group>";
		};
		6045C3BE22F6DEE2008B38BE /* Modules */ = {
			isa = PBXGroup;
			children = (
				55BE12F922F7E05D00423EA8 /* My */,
				55BE12EF22F7DB3900423EA8 /* FocusSetting */,
				6045C3BF22F6DEE2008B38BE /* Home */,
			);
			path = Modules;
			sourceTree = "<group>";
		};
		6045C3BF22F6DEE2008B38BE /* Home */ = {
			isa = PBXGroup;
			children = (
				6045C3C022F6DEE2008B38BE /* Model */,
				6045C3C122F6DEE2008B38BE /* View */,
				6045C3C222F6DEE2008B38BE /* ViewController */,
			);
			path = Home;
			sourceTree = "<group>";
		};
		6045C3C022F6DEE2008B38BE /* Model */ = {
			isa = PBXGroup;
			children = (
			);
			path = Model;
			sourceTree = "<group>";
		};
		6045C3C122F6DEE2008B38BE /* View */ = {
			isa = PBXGroup;
			children = (
				6045C3CA22F6E15B008B38BE /* JSDHomeNaviBar.h */,
				6045C3CB22F6E15B008B38BE /* JSDHomeNaviBar.m */,
				6045C3CD22F6E164008B38BE /* JSDHomeNaviBar.xib */,
				6045C3CF22F6E3C3008B38BE /* JSDHomeView.h */,
				6045C3D022F6E3C3008B38BE /* JSDHomeView.m */,
				6045C3D222F6E3CB008B38BE /* JSDHomeView.xib */,
				6045C3D422F6EA61008B38BE /* JSDShowStatusView.h */,
				6045C3D522F6EA61008B38BE /* JSDShowStatusView.m */,
			);
			path = View;
			sourceTree = "<group>";
		};
		6045C3C222F6DEE2008B38BE /* ViewController */ = {
			isa = PBXGroup;
			children = (
				6045C3C722F6DF03008B38BE /* JSDHomeVC.h */,
				6045C3C822F6DF03008B38BE /* JSDHomeVC.m */,
			);
			path = ViewController;
			sourceTree = "<group>";
		};
		60E1A83822F6D20F00BFFF1B = {
			isa = PBXGroup;
			children = (
				60E1A84322F6D20F00BFFF1B /* TomatoRemind */,
				60E1A84222F6D20F00BFFF1B /* Products */,
				42C5DF26BC3C5E9E906015F5 /* Pods */,
				07ED882896DFEECF03E4DD1C /* Frameworks */,
			);
			sourceTree = "<group>";
		};
		60E1A84222F6D20F00BFFF1B /* Products */ = {
			isa = PBXGroup;
			children = (
				60E1A84122F6D20F00BFFF1B /* TomatoRemind.app */,
			);
			name = Products;
			sourceTree = "<group>";
		};
		60E1A84322F6D20F00BFFF1B /* TomatoRemind */ = {
			isa = PBXGroup;
			children = (
				60E1A8AD22F6D5A500BFFF1B /* Application */,
				60E1A89F22F6D5A500BFFF1B /* Base */,
				60E1A8BF22F6D5A500BFFF1B /* BaseKit */,
				6045C3BE22F6DEE2008B38BE /* Modules */,
				60E1A8B022F6D5A500BFFF1B /* CategoryTool */,
				60E1A8C322F6D5A500BFFF1B /* Public */,
				60E1A8C822F6D5A500BFFF1B /* Supporting Files */,
			);
			path = TomatoRemind;
			sourceTree = "<group>";
		};
		60E1A89F22F6D5A500BFFF1B /* Base */ = {
			isa = PBXGroup;
			children = (
				60E1A8A022F6D5A500BFFF1B /* Model */,
				60E1A8A322F6D5A500BFFF1B /* View */,
				60E1A8A622F6D5A500BFFF1B /* ViewController */,
			);
			path = Base;
			sourceTree = "<group>";
		};
		60E1A8A022F6D5A500BFFF1B /* Model */ = {
			isa = PBXGroup;
			children = (
				60E1A8A122F6D5A500BFFF1B /* JSDBaseModel.m */,
				60E1A8A222F6D5A500BFFF1B /* JSDBaseModel.h */,
			);
			path = Model;
			sourceTree = "<group>";
		};
		60E1A8A322F6D5A500BFFF1B /* View */ = {
			isa = PBXGroup;
			children = (
				60E1A8A422F6D5A500BFFF1B /* JSDBaseView.m */,
				60E1A8A522F6D5A500BFFF1B /* JSDBaseView.h */,
			);
			path = View;
			sourceTree = "<group>";
		};
		60E1A8A622F6D5A500BFFF1B /* ViewController */ = {
			isa = PBXGroup;
			children = (
				60E1A8AB22F6D5A500BFFF1B /* JSDBaseCollectionViewController.h */,
				60E1A8A922F6D5A500BFFF1B /* JSDBaseCollectionViewController.m */,
				60E1A8A822F6D5A500BFFF1B /* JSDBaseNavigationController.h */,
				60E1A8AC22F6D5A500BFFF1B /* JSDBaseNavigationController.m */,
				60E1A8AA22F6D5A500BFFF1B /* JSDBaseViewController.h */,
				60E1A8A722F6D5A500BFFF1B /* JSDBaseViewController.m */,
			);
			path = ViewController;
			sourceTree = "<group>";
		};
		60E1A8AD22F6D5A500BFFF1B /* Application */ = {
			isa = PBXGroup;
			children = (
				60E1A8AE22F6D5A500BFFF1B /* AppDelegate.h */,
				60E1A8AF22F6D5A500BFFF1B /* AppDelegate.m */,
			);
			path = Application;
			sourceTree = "<group>";
		};
		60E1A8B022F6D5A500BFFF1B /* CategoryTool */ = {
			isa = PBXGroup;
			children = (
				60E1A8B122F6D5A500BFFF1B /* UIImage */,
				60E1A8B422F6D5A500BFFF1B /* UIButton */,
				60E1A8B722F6D5A500BFFF1B /* UIView */,
				60E1A8BA22F6D5A500BFFF1B /* Style */,
			);
			path = CategoryTool;
			sourceTree = "<group>";
		};
		60E1A8B122F6D5A500BFFF1B /* UIImage */ = {
			isa = PBXGroup;
			children = (
				60E1A8B222F6D5A500BFFF1B /* UIImage+JSDTool.h */,
				60E1A8B322F6D5A500BFFF1B /* UIImage+JSDTool.m */,
			);
			path = UIImage;
			sourceTree = "<group>";
		};
		60E1A8B422F6D5A500BFFF1B /* UIButton */ = {
			isa = PBXGroup;
			children = (
				60E1A8B522F6D5A500BFFF1B /* UIButton+JSDTool.m */,
				60E1A8B622F6D5A500BFFF1B /* UIButton+JSDTool.h */,
			);
			path = UIButton;
			sourceTree = "<group>";
		};
		60E1A8B722F6D5A500BFFF1B /* UIView */ = {
			isa = PBXGroup;
			children = (
				60E1A8B822F6D5A500BFFF1B /* UIView+JSDFrame.m */,
				60E1A8B922F6D5A500BFFF1B /* UIView+JSDFrame.h */,
			);
			path = UIView;
			sourceTree = "<group>";
		};
		60E1A8BA22F6D5A500BFFF1B /* Style */ = {
			isa = PBXGroup;
			children = (
				60E1A8BE22F6D5A500BFFF1B /* UIColor+JSDTool.h */,
				60E1A8BC22F6D5A500BFFF1B /* UIColor+JSDTool.m */,
				60E1A8BB22F6D5A500BFFF1B /* UIFont+JSDTool.h */,
				60E1A8BD22F6D5A500BFFF1B /* UIFont+JSDTool.m */,
			);
			path = Style;
			sourceTree = "<group>";
		};
		60E1A8BF22F6D5A500BFFF1B /* BaseKit */ = {
			isa = PBXGroup;
			children = (
				60E1A8C022F6D5A500BFFF1B /* UIView */,
				60E1A8C122F6D5A500BFFF1B /* JSDPhotoManage.m */,
				60E1A8C222F6D5A500BFFF1B /* JSDPhotoManage.h */,
			);
			path = BaseKit;
			sourceTree = "<group>";
		};
		60E1A8C022F6D5A500BFFF1B /* UIView */ = {
			isa = PBXGroup;
			children = (
			);
			path = UIView;
			sourceTree = "<group>";
		};
		60E1A8C322F6D5A500BFFF1B /* Public */ = {
			isa = PBXGroup;
			children = (
				60E1A8C422F6D5A500BFFF1B /* JSDDevMacro.h */,
				60E1A8C522F6D5A500BFFF1B /* JSDPublic.h */,
				60E1A8C622F6D5A500BFFF1B /* JSDPrefixHeader.pch */,
				60E1A8C722F6D5A500BFFF1B /* JSDMacro.h */,
			);
			path = Public;
			sourceTree = "<group>";
		};
		60E1A8C822F6D5A500BFFF1B /* Supporting Files */ = {
			isa = PBXGroup;
			children = (
				60E1A8C922F6D5A500BFFF1B /* Assets.xcassets */,
				60E1A8CA22F6D5A500BFFF1B /* LaunchScreen.storyboard */,
				60E1A8CC22F6D5A500BFFF1B /* main.m */,
				60E1A8CD22F6D5A500BFFF1B /* Info.plist */,
			);
			path = "Supporting Files";
			sourceTree = "<group>";
		};
/* End PBXGroup section */

/* Begin PBXNativeTarget section */
		60E1A84022F6D20F00BFFF1B /* TomatoRemind */ = {
			isa = PBXNativeTarget;
			buildConfigurationList = 60E1A85722F6D21000BFFF1B /* Build configuration list for PBXNativeTarget "TomatoRemind" */;
			buildPhases = (
				2A7120D2B5ADEE381FDC59DE /* [CP] Check Pods Manifest.lock */,
				60E1A83D22F6D20F00BFFF1B /* Sources */,
				60E1A83E22F6D20F00BFFF1B /* Frameworks */,
				60E1A83F22F6D20F00BFFF1B /* Resources */,
				D76227E2FE66733EE3152F66 /* [CP] Copy Pods Resources */,
			);
			buildRules = (
			);
			dependencies = (
			);
			name = TomatoRemind;
			productName = TomatoRemind;
			productReference = 60E1A84122F6D20F00BFFF1B /* TomatoRemind.app */;
			productType = "com.apple.product-type.application";
		};
/* End PBXNativeTarget section */

/* Begin PBXProject section */
		60E1A83922F6D20F00BFFF1B /* Project object */ = {
			isa = PBXProject;
			attributes = {
				LastUpgradeCheck = 1020;
				ORGANIZATIONNAME = JerseyCafe;
				TargetAttributes = {
					60E1A84022F6D20F00BFFF1B = {
						CreatedOnToolsVersion = 10.2.1;
					};
				};
			};
			buildConfigurationList = 60E1A83C22F6D20F00BFFF1B /* Build configuration list for PBXProject "TomatoRemind" */;
			compatibilityVersion = "Xcode 9.3";
			developmentRegion = en;
			hasScannedForEncodings = 0;
			knownRegions = (
				en,
				Base,
			);
			mainGroup = 60E1A83822F6D20F00BFFF1B;
			productRefGroup = 60E1A84222F6D20F00BFFF1B /* Products */;
			projectDirPath = "";
			projectRoot = "";
			targets = (
				60E1A84022F6D20F00BFFF1B /* TomatoRemind */,
			);
		};
/* End PBXProject section */

/* Begin PBXResourcesBuildPhase section */
		60E1A83F22F6D20F00BFFF1B /* Resources */ = {
			isa = PBXResourcesBuildPhase;
			buildActionMask = 2147483647;
			files = (
				60E1A8DA22F6D5A500BFFF1B /* Assets.xcassets in Resources */,
				6045C3D322F6E3CB008B38BE /* JSDHomeView.xib in Resources */,
				55BE132722F7E05D00423EA8 /* JSDSettingCell.xib in Resources */,
				55BE133722F7E86500423EA8 /* JSDUseRecordView.xib in Resources */,
				55BE133122F7E34400423EA8 /* JSDMyResource.xib in Resources */,
				55BE131E22F7E05D00423EA8 /* JSDFeedBacksVC.xib in Resources */,
				6045C3CE22F6E164008B38BE /* JSDHomeNaviBar.xib in Resources */,
				55BE132122F7E05D00423EA8 /* JSDMyCenterHeaderView.xib in Resources */,
				55BE132222F7E05D00423EA8 /* JSDCollectionViewCell.xib in Resources */,
				60E1A8DB22F6D5A500BFFF1B /* LaunchScreen.storyboard in Resources */,
			);
			runOnlyForDeploymentPostprocessing = 0;
		};
/* End PBXResourcesBuildPhase section */

/* Begin PBXShellScriptBuildPhase section */
		2A7120D2B5ADEE381FDC59DE /* [CP] Check Pods Manifest.lock */ = {
			isa = PBXShellScriptBuildPhase;
			buildActionMask = 2147483647;
			files = (
			);
			inputFileListPaths = (
			);
			inputPaths = (
				"${PODS_PODFILE_DIR_PATH}/Podfile.lock",
				"${PODS_ROOT}/Manifest.lock",
			);
			name = "[CP] Check Pods Manifest.lock";
			outputFileListPaths = (
			);
			outputPaths = (
				"$(DERIVED_FILE_DIR)/Pods-TomatoRemind-checkManifestLockResult.txt",
			);
			runOnlyForDeploymentPostprocessing = 0;
			shellPath = /bin/sh;
			shellScript = "diff \"${PODS_PODFILE_DIR_PATH}/Podfile.lock\" \"${PODS_ROOT}/Manifest.lock\" > /dev/null\nif [ $? != 0 ] ; then\n    # print error to STDERR\n    echo \"error: The sandbox is not in sync with the Podfile.lock. Run 'pod install' or update your CocoaPods installation.\" >&2\n    exit 1\nfi\n# This output is used by Xcode 'outputs' to avoid re-running this script phase.\necho \"SUCCESS\" > \"${SCRIPT_OUTPUT_FILE_0}\"\n";
			showEnvVarsInLog = 0;
		};
		D76227E2FE66733EE3152F66 /* [CP] Copy Pods Resources */ = {
			isa = PBXShellScriptBuildPhase;
			buildActionMask = 2147483647;
			files = (
			);
			inputFileListPaths = (
			);
			inputPaths = (
				"${PODS_ROOT}/Target Support Files/Pods-TomatoRemind/Pods-TomatoRemind-resources.sh",
				"${PODS_ROOT}/BRPickerView/BRPickerView/AddressPickerView/BRPickerView.bundle",
				"${PODS_ROOT}/MaterialComponents/components/ActivityIndicator/src/MaterialActivityIndicator.bundle",
				"${PODS_ROOT}/MaterialComponents/components/AppBar/src/MaterialAppBar.bundle",
				"${PODS_ROOT}/MaterialComponents/components/BottomNavigation/src/MaterialBottomNavigation.bundle",
				"${PODS_ROOT}/MaterialComponents/components/CollectionCells/src/MaterialCollectionCells.bundle",
				"${PODS_ROOT}/MaterialComponents/components/Collections/src/MaterialCollections.bundle",
				"${PODS_ROOT}/MaterialComponents/components/Dialogs/src/MaterialDialogs.bundle",
				"${PODS_ROOT}/MaterialComponents/components/FeatureHighlight/src/MaterialFeatureHighlight.bundle",
				"${PODS_ROOT}/MaterialComponents/components/PageControl/src/MaterialPageControl.bundle",
				"${PODS_ROOT}/MaterialComponents/components/Snackbar/src/MaterialSnackbar.bundle",
				"${PODS_ROOT}/MaterialComponents/components/Tabs/src/MaterialTabs.bundle",
				"${PODS_CONFIGURATION_BUILD_DIR}/MaterialComponents/MaterialIcons_ic_arrow_back.bundle",
				"${PODS_CONFIGURATION_BUILD_DIR}/MaterialComponents/MaterialIcons_ic_check.bundle",
				"${PODS_CONFIGURATION_BUILD_DIR}/MaterialComponents/MaterialIcons_ic_check_circle.bundle",
				"${PODS_CONFIGURATION_BUILD_DIR}/MaterialComponents/MaterialIcons_ic_chevron_right.bundle",
				"${PODS_CONFIGURATION_BUILD_DIR}/MaterialComponents/MaterialIcons_ic_color_lens.bundle",
				"${PODS_CONFIGURATION_BUILD_DIR}/MaterialComponents/MaterialIcons_ic_help_outline.bundle",
				"${PODS_CONFIGURATION_BUILD_DIR}/MaterialComponents/MaterialIcons_ic_info.bundle",
				"${PODS_CONFIGURATION_BUILD_DIR}/MaterialComponents/MaterialIcons_ic_more_horiz.bundle",
				"${PODS_CONFIGURATION_BUILD_DIR}/MaterialComponents/MaterialIcons_ic_radio_button_unchecked.bundle",
				"${PODS_CONFIGURATION_BUILD_DIR}/MaterialComponents/MaterialIcons_ic_reorder.bundle",
				"${PODS_CONFIGURATION_BUILD_DIR}/MaterialComponents/MaterialIcons_ic_settings.bundle",
			);
			name = "[CP] Copy Pods Resources";
			outputFileListPaths = (
			);
			outputPaths = (
				"${TARGET_BUILD_DIR}/${UNLOCALIZED_RESOURCES_FOLDER_PATH}/BRPickerView.bundle",
				"${TARGET_BUILD_DIR}/${UNLOCALIZED_RESOURCES_FOLDER_PATH}/MaterialActivityIndicator.bundle",
				"${TARGET_BUILD_DIR}/${UNLOCALIZED_RESOURCES_FOLDER_PATH}/MaterialAppBar.bundle",
				"${TARGET_BUILD_DIR}/${UNLOCALIZED_RESOURCES_FOLDER_PATH}/MaterialBottomNavigation.bundle",
				"${TARGET_BUILD_DIR}/${UNLOCALIZED_RESOURCES_FOLDER_PATH}/MaterialCollectionCells.bundle",
				"${TARGET_BUILD_DIR}/${UNLOCALIZED_RESOURCES_FOLDER_PATH}/MaterialCollections.bundle",
				"${TARGET_BUILD_DIR}/${UNLOCALIZED_RESOURCES_FOLDER_PATH}/MaterialDialogs.bundle",
				"${TARGET_BUILD_DIR}/${UNLOCALIZED_RESOURCES_FOLDER_PATH}/MaterialFeatureHighlight.bundle",
				"${TARGET_BUILD_DIR}/${UNLOCALIZED_RESOURCES_FOLDER_PATH}/MaterialPageControl.bundle",
				"${TARGET_BUILD_DIR}/${UNLOCALIZED_RESOURCES_FOLDER_PATH}/MaterialSnackbar.bundle",
				"${TARGET_BUILD_DIR}/${UNLOCALIZED_RESOURCES_FOLDER_PATH}/MaterialTabs.bundle",
				"${TARGET_BUILD_DIR}/${UNLOCALIZED_RESOURCES_FOLDER_PATH}/MaterialIcons_ic_arrow_back.bundle",
				"${TARGET_BUILD_DIR}/${UNLOCALIZED_RESOURCES_FOLDER_PATH}/MaterialIcons_ic_check.bundle",
				"${TARGET_BUILD_DIR}/${UNLOCALIZED_RESOURCES_FOLDER_PATH}/MaterialIcons_ic_check_circle.bundle",
				"${TARGET_BUILD_DIR}/${UNLOCALIZED_RESOURCES_FOLDER_PATH}/MaterialIcons_ic_chevron_right.bundle",
				"${TARGET_BUILD_DIR}/${UNLOCALIZED_RESOURCES_FOLDER_PATH}/MaterialIcons_ic_color_lens.bundle",
				"${TARGET_BUILD_DIR}/${UNLOCALIZED_RESOURCES_FOLDER_PATH}/MaterialIcons_ic_help_outline.bundle",
				"${TARGET_BUILD_DIR}/${UNLOCALIZED_RESOURCES_FOLDER_PATH}/MaterialIcons_ic_info.bundle",
				"${TARGET_BUILD_DIR}/${UNLOCALIZED_RESOURCES_FOLDER_PATH}/MaterialIcons_ic_more_horiz.bundle",
				"${TARGET_BUILD_DIR}/${UNLOCALIZED_RESOURCES_FOLDER_PATH}/MaterialIcons_ic_radio_button_unchecked.bundle",
				"${TARGET_BUILD_DIR}/${UNLOCALIZED_RESOURCES_FOLDER_PATH}/MaterialIcons_ic_reorder.bundle",
				"${TARGET_BUILD_DIR}/${UNLOCALIZED_RESOURCES_FOLDER_PATH}/MaterialIcons_ic_settings.bundle",
			);
			runOnlyForDeploymentPostprocessing = 0;
			shellPath = /bin/sh;
			shellScript = "\"${PODS_ROOT}/Target Support Files/Pods-TomatoRemind/Pods-TomatoRemind-resources.sh\"\n";
			showEnvVarsInLog = 0;
		};
/* End PBXShellScriptBuildPhase section */

/* Begin PBXSourcesBuildPhase section */
		60E1A83D22F6D20F00BFFF1B /* Sources */ = {
			isa = PBXSourcesBuildPhase;
			buildActionMask = 2147483647;
			files = (
				60E1A8DC22F6D5A500BFFF1B /* main.m in Sources */,
				55BE132922F7E05D00423EA8 /* JSDSettingVC.m in Sources */,
				55BE132022F7E05D00423EA8 /* JSDMyCenterViewModel.m in Sources */,
				55BE132822F7E05D00423EA8 /* JSDSettingCell.m in Sources */,
				55BE132422F7E05D00423EA8 /* JSDCollectionViewCell.m in Sources */,
				60E1A8CE22F6D5A500BFFF1B /* JSDBaseModel.m in Sources */,
				6045C3CC22F6E15B008B38BE /* JSDHomeNaviBar.m in Sources */,
				55BE133222F7E34400423EA8 /* JSDMyResource.m in Sources */,
				6045C3D622F6EA61008B38BE /* JSDShowStatusView.m in Sources */,
				60E1A8D522F6D5A500BFFF1B /* UIButton+JSDTool.m in Sources */,
				6045C3C922F6DF03008B38BE /* JSDHomeVC.m in Sources */,
				60E1A8D122F6D5A500BFFF1B /* JSDBaseCollectionViewController.m in Sources */,
				60E1A8D922F6D5A500BFFF1B /* JSDPhotoManage.m in Sources */,
				60E1A8D722F6D5A500BFFF1B /* UIColor+JSDTool.m in Sources */,
				55BE131F22F7E05D00423EA8 /* JSDFeedBacksVC.m in Sources */,
				55BE131D22F7E05D00423EA8 /* JSDAbountViewModel.m in Sources */,
				60E1A8D322F6D5A500BFFF1B /* AppDelegate.m in Sources */,
				55BE132322F7E05D00423EA8 /* JSDMyCenterHeaderView.m in Sources */,
				60E1A8D222F6D5A500BFFF1B /* JSDBaseNavigationController.m in Sources */,
				55BE133522F7E85C00423EA8 /* JSDUseRecordView.m in Sources */,
				60E1A8D822F6D5A500BFFF1B /* UIFont+JSDTool.m in Sources */,
				55BE132622F7E05D00423EA8 /* JSDSwitch.m in Sources */,
				60E1A8CF22F6D5A500BFFF1B /* JSDBaseView.m in Sources */,
				60E1A8D622F6D5A500BFFF1B /* UIView+JSDFrame.m in Sources */,
				55BE131C22F7E05D00423EA8 /* JSDAboutUSVC.m in Sources */,
				55BE132522F7E05D00423EA8 /* JSDSettingViewModel.m in Sources */,
				55BE12F822F7DC0600423EA8 /* JSDFocusSettingVC.m in Sources */,
				6045C3D122F6E3C3008B38BE /* JSDHomeView.m in Sources */,
				60E1A8D422F6D5A500BFFF1B /* UIImage+JSDTool.m in Sources */,
				55BE132D22F7E12000423EA8 /* JSDMyCenterVC.m in Sources */,
				60E1A8D022F6D5A500BFFF1B /* JSDBaseViewController.m in Sources */,
			);
			runOnlyForDeploymentPostprocessing = 0;
		};
/* End PBXSourcesBuildPhase section */

/* Begin PBXVariantGroup section */
		60E1A8CA22F6D5A500BFFF1B /* LaunchScreen.storyboard */ = {
			isa = PBXVariantGroup;
			children = (
				60E1A8CB22F6D5A500BFFF1B /* Base */,
			);
			name = LaunchScreen.storyboard;
			sourceTree = "<group>";
		};
/* End PBXVariantGroup section */

/* Begin XCBuildConfiguration section */
		60E1A85522F6D21000BFFF1B /* Debug */ = {
			isa = XCBuildConfiguration;
			buildSettings = {
				ALWAYS_SEARCH_USER_PATHS = NO;
				CLANG_ANALYZER_NONNULL = YES;
				CLANG_ANALYZER_NUMBER_OBJECT_CONVERSION = YES_AGGRESSIVE;
				CLANG_CXX_LANGUAGE_STANDARD = "gnu++14";
				CLANG_CXX_LIBRARY = "libc++";
				CLANG_ENABLE_MODULES = YES;
				CLANG_ENABLE_OBJC_ARC = YES;
				CLANG_ENABLE_OBJC_WEAK = YES;
				CLANG_WARN_BLOCK_CAPTURE_AUTORELEASING = YES;
				CLANG_WARN_BOOL_CONVERSION = YES;
				CLANG_WARN_COMMA = YES;
				CLANG_WARN_CONSTANT_CONVERSION = YES;
				CLANG_WARN_DEPRECATED_OBJC_IMPLEMENTATIONS = YES;
				CLANG_WARN_DIRECT_OBJC_ISA_USAGE = YES_ERROR;
				CLANG_WARN_DOCUMENTATION_COMMENTS = YES;
				CLANG_WARN_EMPTY_BODY = YES;
				CLANG_WARN_ENUM_CONVERSION = YES;
				CLANG_WARN_INFINITE_RECURSION = YES;
				CLANG_WARN_INT_CONVERSION = YES;
				CLANG_WARN_NON_LITERAL_NULL_CONVERSION = YES;
				CLANG_WARN_OBJC_IMPLICIT_RETAIN_SELF = YES;
				CLANG_WARN_OBJC_LITERAL_CONVERSION = YES;
				CLANG_WARN_OBJC_ROOT_CLASS = YES_ERROR;
				CLANG_WARN_RANGE_LOOP_ANALYSIS = YES;
				CLANG_WARN_STRICT_PROTOTYPES = YES;
				CLANG_WARN_SUSPICIOUS_MOVE = YES;
				CLANG_WARN_UNGUARDED_AVAILABILITY = YES_AGGRESSIVE;
				CLANG_WARN_UNREACHABLE_CODE = YES;
				CLANG_WARN__DUPLICATE_METHOD_MATCH = YES;
				CODE_SIGN_IDENTITY = "iPhone Developer";
				COPY_PHASE_STRIP = NO;
				DEBUG_INFORMATION_FORMAT = dwarf;
				ENABLE_STRICT_OBJC_MSGSEND = YES;
				ENABLE_TESTABILITY = YES;
				GCC_C_LANGUAGE_STANDARD = gnu11;
				GCC_DYNAMIC_NO_PIC = NO;
				GCC_NO_COMMON_BLOCKS = YES;
				GCC_OPTIMIZATION_LEVEL = 0;
				GCC_PREPROCESSOR_DEFINITIONS = (
					"DEBUG=1",
					"$(inherited)",
				);
				GCC_WARN_64_TO_32_BIT_CONVERSION = YES;
				GCC_WARN_ABOUT_RETURN_TYPE = YES_ERROR;
				GCC_WARN_UNDECLARED_SELECTOR = YES;
				GCC_WARN_UNINITIALIZED_AUTOS = YES_AGGRESSIVE;
				GCC_WARN_UNUSED_FUNCTION = YES;
				GCC_WARN_UNUSED_VARIABLE = YES;
				IPHONEOS_DEPLOYMENT_TARGET = 12.2;
				MTL_ENABLE_DEBUG_INFO = INCLUDE_SOURCE;
				MTL_FAST_MATH = YES;
				ONLY_ACTIVE_ARCH = YES;
				SDKROOT = iphoneos;
			};
			name = Debug;
		};
		60E1A85622F6D21000BFFF1B /* Release */ = {
			isa = XCBuildConfiguration;
			buildSettings = {
				ALWAYS_SEARCH_USER_PATHS = NO;
				CLANG_ANALYZER_NONNULL = YES;
				CLANG_ANALYZER_NUMBER_OBJECT_CONVERSION = YES_AGGRESSIVE;
				CLANG_CXX_LANGUAGE_STANDARD = "gnu++14";
				CLANG_CXX_LIBRARY = "libc++";
				CLANG_ENABLE_MODULES = YES;
				CLANG_ENABLE_OBJC_ARC = YES;
				CLANG_ENABLE_OBJC_WEAK = YES;
				CLANG_WARN_BLOCK_CAPTURE_AUTORELEASING = YES;
				CLANG_WARN_BOOL_CONVERSION = YES;
				CLANG_WARN_COMMA = YES;
				CLANG_WARN_CONSTANT_CONVERSION = YES;
				CLANG_WARN_DEPRECATED_OBJC_IMPLEMENTATIONS = YES;
				CLANG_WARN_DIRECT_OBJC_ISA_USAGE = YES_ERROR;
				CLANG_WARN_DOCUMENTATION_COMMENTS = YES;
				CLANG_WARN_EMPTY_BODY = YES;
				CLANG_WARN_ENUM_CONVERSION = YES;
				CLANG_WARN_INFINITE_RECURSION = YES;
				CLANG_WARN_INT_CONVERSION = YES;
				CLANG_WARN_NON_LITERAL_NULL_CONVERSION = YES;
				CLANG_WARN_OBJC_IMPLICIT_RETAIN_SELF = YES;
				CLANG_WARN_OBJC_LITERAL_CONVERSION = YES;
				CLANG_WARN_OBJC_ROOT_CLASS = YES_ERROR;
				CLANG_WARN_RANGE_LOOP_ANALYSIS = YES;
				CLANG_WARN_STRICT_PROTOTYPES = YES;
				CLANG_WARN_SUSPICIOUS_MOVE = YES;
				CLANG_WARN_UNGUARDED_AVAILABILITY = YES_AGGRESSIVE;
				CLANG_WARN_UNREACHABLE_CODE = YES;
				CLANG_WARN__DUPLICATE_METHOD_MATCH = YES;
				CODE_SIGN_IDENTITY = "iPhone Developer";
				COPY_PHASE_STRIP = NO;
				DEBUG_INFORMATION_FORMAT = "dwarf-with-dsym";
				ENABLE_NS_ASSERTIONS = NO;
				ENABLE_STRICT_OBJC_MSGSEND = YES;
				GCC_C_LANGUAGE_STANDARD = gnu11;
				GCC_NO_COMMON_BLOCKS = YES;
				GCC_WARN_64_TO_32_BIT_CONVERSION = YES;
				GCC_WARN_ABOUT_RETURN_TYPE = YES_ERROR;
				GCC_WARN_UNDECLARED_SELECTOR = YES;
				GCC_WARN_UNINITIALIZED_AUTOS = YES_AGGRESSIVE;
				GCC_WARN_UNUSED_FUNCTION = YES;
				GCC_WARN_UNUSED_VARIABLE = YES;
				IPHONEOS_DEPLOYMENT_TARGET = 12.2;
				MTL_ENABLE_DEBUG_INFO = NO;
				MTL_FAST_MATH = YES;
				SDKROOT = iphoneos;
				VALIDATE_PRODUCT = YES;
			};
			name = Release;
		};
		60E1A85822F6D21000BFFF1B /* Debug */ = {
			isa = XCBuildConfiguration;
			baseConfigurationReference = 61422FBD630C7AA4590EE00F /* Pods-TomatoRemind.debug.xcconfig */;
			buildSettings = {
				ASSETCATALOG_COMPILER_APPICON_NAME = AppIcon;
				CODE_SIGN_STYLE = Automatic;
				DEVELOPMENT_TEAM = 8PB3C9ADKV;
				GCC_PREFIX_HEADER = "$(SRCROOT)/TomatoRemind/Public/JSDPrefixHeader.pch";
				INFOPLIST_FILE = "$(SRCROOT)/TomatoRemind/Supporting Files/Info.plist";
				LD_RUNPATH_SEARCH_PATHS = (
					"$(inherited)",
					"@executable_path/Frameworks",
				);
				PRODUCT_BUNDLE_IDENTIFIER = com.JerseyCafe.TomatoRemind;
				PRODUCT_NAME = "$(TARGET_NAME)";
				TARGETED_DEVICE_FAMILY = 1;
			};
			name = Debug;
		};
		60E1A85922F6D21000BFFF1B /* Release */ = {
			isa = XCBuildConfiguration;
			baseConfigurationReference = 5F5D7C8F17B227623BE08DB4 /* Pods-TomatoRemind.release.xcconfig */;
			buildSettings = {
				ASSETCATALOG_COMPILER_APPICON_NAME = AppIcon;
				CODE_SIGN_STYLE = Automatic;
				DEVELOPMENT_TEAM = 8PB3C9ADKV;
				GCC_PREFIX_HEADER = "$(SRCROOT)/TomatoRemind/Public/JSDPrefixHeader.pch";
				INFOPLIST_FILE = "$(SRCROOT)/TomatoRemind/Supporting Files/Info.plist";
				LD_RUNPATH_SEARCH_PATHS = (
					"$(inherited)",
					"@executable_path/Frameworks",
				);
				PRODUCT_BUNDLE_IDENTIFIER = com.JerseyCafe.TomatoRemind;
				PRODUCT_NAME = "$(TARGET_NAME)";
				TARGETED_DEVICE_FAMILY = 1;
			};
			name = Release;
		};
/* End XCBuildConfiguration section */

/* Begin XCConfigurationList section */
		60E1A83C22F6D20F00BFFF1B /* Build configuration list for PBXProject "TomatoRemind" */ = {
			isa = XCConfigurationList;
			buildConfigurations = (
				60E1A85522F6D21000BFFF1B /* Debug */,
				60E1A85622F6D21000BFFF1B /* Release */,
			);
			defaultConfigurationIsVisible = 0;
			defaultConfigurationName = Release;
		};
		60E1A85722F6D21000BFFF1B /* Build configuration list for PBXNativeTarget "TomatoRemind" */ = {
			isa = XCConfigurationList;
			buildConfigurations = (
				60E1A85822F6D21000BFFF1B /* Debug */,
				60E1A85922F6D21000BFFF1B /* Release */,
			);
			defaultConfigurationIsVisible = 0;
			defaultConfigurationName = Release;
		};
/* End XCConfigurationList section */
	};
	rootObject = 60E1A83922F6D20F00BFFF1B /* Project object */;
}
